
Microsoft Visual Studio Solution File, Format Version 12.00
# Visual Studio Version 17
VisualStudioVersion = 17.5.002.0
MinimumVisualStudioVersion = 10.0.40219.1
Project("{9A19103F-16F7-4668-BE54-9A1E7A4F7556}") = "learningapp", "learningapp.csproj", "{DC630ED8-080A-4F3F-95E3-90B400976338}"
EndProject
Global
	GlobalSection(SolutionConfigurationPlatforms) = preSolution
		Debug|Any CPU = Debug|Any CPU
		Release|Any CPU = Release|Any CPU
	EndGlobalSection
	GlobalSection(ProjectConfigurationPlatforms) = postSolution
		{DC630ED8-080A-4F3F-95E3-90B400976338}.Debug|Any CPU.ActiveCfg = Debug|Any CPU
		{DC630ED8-080A-4F3F-95E3-90B400976338}.Debug|Any CPU.Build.0 = Debug|Any CPU
		{DC630ED8-080A-4F3F-95E3-90B400976338}.Release|Any CPU.ActiveCfg = Release|Any CPU
		{DC630ED8-080A-4F3F-95E3-90B400976338}.Release|Any CPU.Build.0 = Release|Any CPU
	EndGlobalSection
	GlobalSection(SolutionProperties) = preSolution
		HideSolutionNode = FALSE
	EndGlobalSection
	GlobalSection(ExtensibilityGlobals) = postSolution
		SolutionGuid = {CB305DE9-04F4-4D29-8970-961EE71BAC3B}
	EndGlobalSection
EndGlobal
